
Microsoft Visual Studio Solution File, Format Version 12.00
# Visual Studio Version 17
VisualStudioVersion = 17.8.34525.116
MinimumVisualStudioVersion = 10.0.40219.1
Project("{FAE04EC0-301F-11D3-BF4B-00C04F79EFBC}") = "StoriesReadingAPI", "StoriesReadingAPI\StoriesReadingAPI.csproj", "{F31E5F3A-F59E-4DBB-87AF-9B957E04C621}"
EndProject
Global
	GlobalSection(SolutionConfigurationPlatforms) = preSolution
		Debug|Any CPU = Debug|Any CPU
		Release|Any CPU = Release|Any CPU
	EndGlobalSection
	GlobalSection(ProjectConfigurationPlatforms) = postSolution
		{F31E5F3A-F59E-4DBB-87AF-9B957E04C621}.Debug|Any CPU.ActiveCfg = Debug|Any CPU
		{F31E5F3A-F59E-4DBB-87AF-9B957E04C621}.Debug|Any CPU.Build.0 = Debug|Any CPU
		{F31E5F3A-F59E-4DBB-87AF-9B957E04C621}.Release|Any CPU.ActiveCfg = Release|Any CPU
		{F31E5F3A-F59E-4DBB-87AF-9B957E04C621}.Release|Any CPU.Build.0 = Release|Any CPU
	EndGlobalSection
	GlobalSection(SolutionProperties) = preSolution
		HideSolutionNode = FALSE
	EndGlobalSection
	GlobalSection(ExtensibilityGlobals) = postSolution
		SolutionGuid = {D34D717C-A0A9-44EE-A3DF-096C43FCF489}
	EndGlobalSection
EndGlobal
